
Microsoft Visual Studio Solution File, Format Version 12.00
# Visual Studio Version 17
VisualStudioVersion = 17.5.002.0
MinimumVisualStudioVersion = 10.0.40219.1
Project("{9A19103F-16F7-4668-BE54-9A1E7A4F7556}") = "Lab1.lab", "Lab1.lab\Lab1.lab.csproj", "{55933A96-E672-49AA-B8C4-39F04572AB5C}"
EndProject
Project("{FAE04EC0-301F-11D3-BF4B-00C04F79EFBC}") = "Lab1.Tests", "Lab1.Tests\Lab1.Tests.csproj", "{273DB2BC-5A3F-471E-88B4-53E95B3BAEE4}"
EndProject
Global
	GlobalSection(SolutionConfigurationPlatforms) = preSolution
		Debug|Any CPU = Debug|Any CPU
		Release|Any CPU = Release|Any CPU
	EndGlobalSection
	GlobalSection(ProjectConfigurationPlatforms) = postSolution
		{55933A96-E672-49AA-B8C4-39F04572AB5C}.Debug|Any CPU.ActiveCfg = Debug|Any CPU
		{55933A96-E672-49AA-B8C4-39F04572AB5C}.Debug|Any CPU.Build.0 = Debug|Any CPU
		{55933A96-E672-49AA-B8C4-39F04572AB5C}.Release|Any CPU.ActiveCfg = Release|Any CPU
		{55933A96-E672-49AA-B8C4-39F04572AB5C}.Release|Any CPU.Build.0 = Release|Any CPU
		{8167C428-E1FD-4ABC-90CA-45BC28971886}.Debug|Any CPU.ActiveCfg = Debug|Any CPU
		{8167C428-E1FD-4ABC-90CA-45BC28971886}.Debug|Any CPU.Build.0 = Debug|Any CPU
		{8167C428-E1FD-4ABC-90CA-45BC28971886}.Release|Any CPU.ActiveCfg = Release|Any CPU
		{8167C428-E1FD-4ABC-90CA-45BC28971886}.Release|Any CPU.Build.0 = Release|Any CPU
		{273DB2BC-5A3F-471E-88B4-53E95B3BAEE4}.Debug|Any CPU.ActiveCfg = Debug|Any CPU
		{273DB2BC-5A3F-471E-88B4-53E95B3BAEE4}.Debug|Any CPU.Build.0 = Debug|Any CPU
		{273DB2BC-5A3F-471E-88B4-53E95B3BAEE4}.Release|Any CPU.ActiveCfg = Release|Any CPU
		{273DB2BC-5A3F-471E-88B4-53E95B3BAEE4}.Release|Any CPU.Build.0 = Release|Any CPU
	EndGlobalSection
	GlobalSection(SolutionProperties) = preSolution
		HideSolutionNode = FALSE
	EndGlobalSection
	GlobalSection(ExtensibilityGlobals) = postSolution
		SolutionGuid = {FD095C3F-8538-4BED-8AB3-9C930DF9A19D}
	EndGlobalSection
EndGlobal
